
Microsoft Visual Studio Solution File, Format Version 12.00
# Visual Studio Version 16
VisualStudioVersion = 16.0.32228.547
MinimumVisualStudioVersion = 10.0.40219.1
Project("{FAE04EC0-301F-11D3-BF4B-00C04F79EFBC}") = "Extenstion Method", "Extenstion Method\Extenstion Method.csproj", "{35CFB80F-9CA8-4A4C-8636-ADACDF8BFDDD}"
EndProject
Global
	GlobalSection(SolutionConfigurationPlatforms) = preSolution
		Debug|Any CPU = Debug|Any CPU
		Release|Any CPU = Release|Any CPU
	EndGlobalSection
	GlobalSection(ProjectConfigurationPlatforms) = postSolution
		{35CFB80F-9CA8-4A4C-8636-ADACDF8BFDDD}.Debug|Any CPU.ActiveCfg = Debug|Any CPU
		{35CFB80F-9CA8-4A4C-8636-ADACDF8BFDDD}.Debug|Any CPU.Build.0 = Debug|Any CPU
		{35CFB80F-9CA8-4A4C-8636-ADACDF8BFDDD}.Release|Any CPU.ActiveCfg = Release|Any CPU
		{35CFB80F-9CA8-4A4C-8636-ADACDF8BFDDD}.Release|Any CPU.Build.0 = Release|Any CPU
	EndGlobalSection
	GlobalSection(SolutionProperties) = preSolution
		HideSolutionNode = FALSE
	EndGlobalSection
	GlobalSection(ExtensibilityGlobals) = postSolution
		SolutionGuid = {7631D569-2FD9-4337-8AD2-D03528FED87C}
	EndGlobalSection
EndGlobal
